version = 1
revision = 3
requires-python = ">=3.12"

[[package]]
name = "deprecated"
version = "1.3.1"
source = { registry = "https://pypi.org/simple" }
dependencies = [
    { name = "wrapt" },
]
sdist = { url = "https://files.pythonhosted.org/packages/49/85/12f0a49a7c4ffb70572b6c2ef13c90c88fd190debda93b23f026b25f9634/deprecated-1.3.1.tar.gz", hash = "sha256:b1b50e0ff0c1fddaa5708a2c6b0a6588bb09b892825ab2b214ac9ea9d92a5223", size = 2932523, upload-time = "2025-10-30T08:19:02.757Z" }
wheels = [
    { url = "https://files.pythonhosted.org/packages/84/d0/205d54408c08b13550c733c4b85429e7ead111c7f0014309637425520a9a/deprecated-1.3.1-py2.py3-none-any.whl", hash = "sha256:597bfef186b6f60181535a29fbe44865ce137a5079f295b479886c82729d5f3f", size = 11298, upload-time = "2025-10-30T08:19:00.758Z" },
]

[[package]]
name = "limits"
version = "5.8.0"
source = { registry = "https://pypi.org/simple" }
dependencies = [
    { name = "deprecated" },
    { name = "packaging" },
    { name = "typing-extensions" },
]
sdist = { url = "https://files.pythonhosted.org/packages/71/69/826a5d1f45426c68d8f6539f8d275c0e4fcaa57f0c017ec3100986558a41/limits-5.8.0.tar.gz", hash = "sha256:c9e0d74aed837e8f6f50d1fcebcf5fd8130957287206bc3799adaee5092655da", size = 226104, upload-time = "2026-02-05T07:17:35.859Z" }
wheels = [
    { url = "https://files.pythonhosted.org/packages/b9/98/cb5ca20618d205a09d5bec7591fbc4130369c7e6308d9a676a28ff3ab22c/limits-5.8.0-py3-none-any.whl", hash = "sha256:ae1b008a43eb43073c3c579398bd4eb4c795de60952532dc24720ab45e1ac6b8", size = 60954, upload-time = "2026-02-05T07:17:34.425Z" },
]

[[package]]
name = "packaging"
version = "26.3"
source = { registry = "https://pypi.org/simple" }
sdist = { url = "https://files.pythonhosted.org/packages/7d/fa/3944b40b07da9ce895c0e6303a5ab7d53da063554f534556b134a54d6093/packaging-26.3.tar.gz", hash = "sha256:94edc256424af38762eb31306eed28beb9f0efc50a8837492c9d6fd6004aed79", size = 313412, upload-time = "2026-08-04T18:15:28.737Z" }
wheels = [
    { url = "https://files.pythonhosted.org/packages/63/34/ba1c580383c9eada3711951fef0795c80b829a078d72188184bcab9dd527/packaging-26.3-py3-none-any.whl", hash = "sha256:d7193f7c8e4e93f444fde0262bf90af30e16fa0ad0ad44cb553c87339b23cd1c", size = 129956, upload-time = "2026-08-04T18:15:27.159Z" },
]

[[package]]
name = "redis"
version = "8.1.0"
source = { registry = "https://pypi.org/simple" }
sdist = { url = "https://files.pythonhosted.org/packages/a8/99/604f0b666d4c616d891cf77ebb9db6bb21601344c051aebf1b72b9ff915f/redis-8.1.0.tar.gz", hash = "sha256:6e1a19beef9225c83efd689c7e6b7da2d5215b1f42cd13b7fc3714d0a09c7b25", size = 5254356, upload-time = "2026-07-30T08:51:00.269Z" }
wheels = [
    { url = "https://files.pythonhosted.org/packages/66/9d/c5731f6e3608663d4d3656fd8d3aecee8b509c3082818f5a13eae925baea/redis-8.1.0-py3-none-any.whl", hash = "sha256:a4fe1aac3d3b3cc791d4b3d5931c5a956045dc951ee74d1c913ee3ac4d2ee9fb", size = 560618, upload-time = "2026-07-30T08:50:58.497Z" },
]

[[package]]
name = "research-os"
version = "0.1.0"
source = { virtual = "." }
dependencies = [
    { name = "redis" },
    { name = "slowapi" },
]

[package.metadata]
requires-dist = [
    { name = "redis", specifier = ">=8.1.0" },
    { name = "slowapi", specifier = ">=0.1.10" },
]

[[package]]
name = "slowapi"
version = "0.1.10"
source = { registry = "https://pypi.org/simple" }
dependencies = [
    { name = "limits" },
]
sdist = { url = "https://files.pythonhosted.org/packages/b9/52/24527cf25a8b508926aff53350b0136561dfe86c7125f61526653666e1b2/slowapi-0.1.10.tar.gz", hash = "sha256:d320d5bc04d9f171a77fb16700faf3036d85b00f420f22924c8a225f95bd14f9", size = 13841, upload-time = "2026-06-13T11:59:31.571Z" }
wheels = [
    { url = "https://files.pythonhosted.org/packages/c4/8b/1d359f38706b4097d9a943bf8bd22599f537de4cbaff1e622d3e3936e164/slowapi-0.1.10-py3-none-any.whl", hash = "sha256:3acb61561dc9d687e3d3669362ff6a439de9ba44e2fed3a9c165da26b4b83e28", size = 14921, upload-time = "2026-06-13T11:59:30.485Z" },
]

[[package]]
name = "typing-extensions"
version = "4.16.0"
source = { registry = "https://pypi.org/simple" }
sdist = { url = "https://files.pythonhosted.org/packages/f6/cc/6253133b5bb138fc3306cebfbda2c520f545d36b5be2c7255cc528bb45d6/typing_extensions-4.16.0.tar.gz", hash = "sha256:dc983d19a509c94dba722ee6abd33940f7c05a89e243c47e907eb4db6f1a43e5", size = 113555, upload-time = "2026-07-02T08:40:05.92Z" }
wheels = [
    { url = "https://files.pythonhosted.org/packages/49/d3/b8441a820a491ddfc024b0b0cf0393375b75ea13866d9c66727e54c2fc80/typing_extensions-4.16.0-py3-none-any.whl", hash = "sha256:481caa481374e813c1b176ada14e97f1f67a4539ce9cfeb3f350d78d6370c2e8", size = 45571, upload-time = "2026-07-02T08:40:04.659Z" },
]

[[package]]
name = "wrapt"
version = "2.3.0"
source = { registry = "https://pypi.org/simple" }
sdist = { url = "https://files.pythonhosted.org/packages/2b/b0/c1f5a970721f06b85c0cd5142e0ff8fe067708abd779b0c4f4be7d61d09f/wrapt-2.3.0.tar.gz", hash = "sha256:681a2d0eefd721998f90642762b8e75c2159ec531b20ad5e437245ea7b06a107", size = 131509, upload-time = "2026-07-28T06:06:14.895Z" }
wheels = [
    { url = "https://files.pythonhosted.org/packages/5b/4a/d17a0fad1bf1c5f2c887ff71fef75654141b0880bff71d157d955b5bec3a/wrapt-2.3.0-cp312-cp312-macosx_10_13_x86_64.whl", hash = "sha256:0a45ffae742ce91a16e11cb6c7cd71e7f9994f3cbd283b962ab093f5c6dcf525", size = 82139, upload-time = "2026-07-28T06:04:35.082Z" },
    { url = "https://files.pythonhosted.org/packages/6e/55/51b92daaf6defb57f4dc56bdcce985400f75c6984a03ca5e78ccac717028/wrapt-2.3.0-cp312-cp312-macosx_11_0_arm64.whl", hash = "sha256:69e477046f2237ef0bc6547544ee73008dc764ca26eff44f09e976d221b34d5d", size = 82723, upload-time = "2026-07-28T06:04:36.502Z" },
    { url = "https://files.pythonhosted.org/packages/28/7f/cfd9bc4b1f5e424eeea83d0493e43f3b1b02707ce8e50c47945873982bd5/wrapt-2.3.0-cp312-cp312-manylinux1_x86_64.manylinux_2_28_x86_64.manylinux_2_5_x86_64.whl", hash = "sha256:5d221a6e6ddd302b8397433184e96b59f259f50024b854db1c411a881586b6b8", size = 172381, upload-time = "2026-07-28T06:04:37.674Z" },
    { url = "https://files.pythonhosted.org/packages/cb/89/ff7814f6eb6856b479946117d1138a2fbb46cdb6b1f379db359056c69743/wrapt-2.3.0-cp312-cp312-manylinux2014_aarch64.manylinux_2_17_aarch64.manylinux_2_28_aarch64.whl", hash = "sha256:392158c9a7f2ab1b8699418bfc0fe6f83548788c418b27d7bf2019ad3405cebb", size = 174120, upload-time = "2026-07-28T06:04:38.987Z" },
    { url = "https://files.pythonhosted.org/packages/12/1e/8eded8615d39e3ce81f626937a3a87b280a2a86239a2bf14a4b4bb345034/wrapt-2.3.0-cp312-cp312-manylinux_2_31_riscv64.manylinux_2_39_riscv64.whl", hash = "sha256:e5301c35cf75655eb33498f2bd6ae8703ca19940e3167dc9cdf740c712a39c60", size = 163035, upload-time = "2026-07-28T06:04:40.361Z" },
    { url = "https://files.pythonhosted.org/packages/35/ea/a0af2d9da62897af2a055484920de05dade30d2ba2c0d65cbdea875d3d8b/wrapt-2.3.0-cp312-cp312-musllinux_1_2_aarch64.whl", hash = "sha256:418f54bb09d1762db02c7009b4051149893af3153a87f92d70356703c11eea02", size = 171887, upload-time = "2026-07-28T06:04:41.614Z" },
    { url = "https://files.pythonhosted.org/packages/7e/dd/63cd4c864c65ef4906df64bd2d378f4a62b54f28063f282dfb3bf93caead/wrapt-2.3.0-cp312-cp312-musllinux_1_2_riscv64.whl", hash = "sha256:1598becd30f8f2777d18564064eb4f4dbe1ab0e05a8f09786d0ef505ac782bf3", size = 161113, upload-time = "2026-07-28T06:04:42.864Z" },
    { url = "https://files.pythonhosted.org/packages/ca/ee/82f1fc9e431b5c2c5a6d201aa865dbeae3984c311c6d11a185f0c8367cf6/wrapt-2.3.0-cp312-cp312-musllinux_1_2_x86_64.whl", hash = "sha256:3da470536bf9645143323dd41b32db55c6f4304ad382094c1a1da8a92061e10d", size = 170530, upload-time = "2026-07-28T06:04:44.212Z" },
    { url = "https://files.pythonhosted.org/packages/37/a5/5dc590e863a419930d988f8b7ca3e75a6befcfb10b6003b3a152f3d5f732/wrapt-2.3.0-cp312-cp312-win32.whl", hash = "sha256:fb8e2e6704a1e0b1b989546c69e2688371ef4a07fa5f61bde3eb6211186f5ac1", size = 78323, upload-time = "2026-07-28T06:04:45.484Z" },
    { url = "https://files.pythonhosted.org/packages/51/f9/4a6925a07951df56394f7e6ebe14f69f1c5ef9d87aa63e0839acf15aa63a/wrapt-2.3.0-cp312-cp312-win_amd64.whl", hash = "sha256:cdc021cb0b62471d6aac7f2bd92f3b4658073775f9ee7fcd325c511129e7bcc8", size = 81180, upload-time = "2026-07-28T06:04:47.021Z" },
    { url = "https://files.pythonhosted.org/packages/a8/4f/8b5de0395b2a72216751d41c9861df6facaeb611b619d8810ed2b3b23eb2/wrapt-2.3.0-cp312-cp312-win_arm64.whl", hash = "sha256:67bfe2485f50368c3fcd2275fc1fd100e350d601e0058921a7c82678a465aeab", size = 80155, upload-time = "2026-07-28T06:04:48.373Z" },
    { url = "https://files.pythonhosted.org/packages/8e/6e/0f88a072483e76b881e3fdcd6b6ffb4a5791002514fe541e72b1b73c859a/wrapt-2.3.0-cp313-cp313-macosx_10_13_x86_64.whl", hash = "sha256:0d3fb71e65b001adfc42684522eeccd9c21d8ba679945abc993439567b66e59f", size = 81960, upload-time = "2026-07-28T06:04:49.622Z" },
    { url = "https://files.pythonhosted.org/packages/d7/ff/b7e2776e7c294075eb712cc9ef573d1b818f393006d09787262b8fc871c4/wrapt-2.3.0-cp313-cp313-macosx_11_0_arm64.whl", hash = "sha256:51a7a4181c1295774812271fbcd7c909df372bc25579d4ed9eb875caaf0ae86f", size = 82435, upload-time = "2026-07-28T06:04:50.9Z" },
    { url = "https://files.pythonhosted.org/packages/d8/90/343bb5d0f1f9669bc252a6073f085b4abf862511bd5c9c9eaec754341f1d/wrapt-2.3.0-cp313-cp313-manylinux1_x86_64.manylinux_2_28_x86_64.manylinux_2_5_x86_64.whl", hash = "sha256:9045917809c63fdf7abe3a2ceaed3d670b8ee4500ddd9291192d30aeb34467c5", size = 170350, upload-time = "2026-07-28T06:04:52.187Z" },
    { url = "https://files.pythonhosted.org/packages/59/f8/13b79a392930bd0dd6b86cbfbfe1c40944110456e1dc6d809e5c46ece904/wrapt-2.3.0-cp313-cp313-manylinux2014_aarch64.manylinux_2_17_aarch64.manylinux_2_28_aarch64.whl", hash = "sha256:54ca1d5573f69b5fe1d74f1f65799c68015e82f685efec9fd8cfa40a094c44d0", size = 170022, upload-time = "2026-07-28T06:04:53.599Z" },
    { url = "https://files.pythonhosted.org/packages/b2/fc/4f1b6918f5290db959d6e0c07f77385d87cede29c39c9cf8f145e9c82954/wrapt-2.3.0-cp313-cp313-manylinux_2_31_riscv64.manylinux_2_39_riscv64.whl", hash = "sha256:242b60c21e30866e6a2fa606c612b47c553fa60c0eaeeeb7797fb842ac0ce609", size = 161043, upload-time = "2026-07-28T06:04:54.936Z" },
    { url = "https://files.pythonhosted.org/packages/01/e1/45d3cf74414780bdff6d0380467e003f6eb0f028b6c9403db868dbc7209c/wrapt-2.3.0-cp313-cp313-musllinux_1_2_aarch64.whl", hash = "sha256:e3f3d7ec0a51fbfe00d3aef047641ff2c58b25565b4717fc1f90e050be01cba8", size = 168576, upload-time = "2026-07-28T06:04:56.261Z" },
    { url = "https://files.pythonhosted.org/packages/f3/73/2fa58dd97f191c997755e2c6d569a68f0c433db4e4b36099bdd7227b6cac/wrapt-2.3.0-cp313-cp313-musllinux_1_2_riscv64.whl", hash = "sha256:261f53870cd4fb2bf38f9f972c56c728fd224cb7c65721307de59d9e7e6741ae", size = 159140, upload-time = "2026-07-28T06:04:57.754Z" },
    { url = "https://files.pythonhosted.org/packages/29/a8/08a56e2000a8816d449dcbad8c8b081697acbbd490821ceca0f9d8e8d20c/wrapt-2.3.0-cp313-cp313-musllinux_1_2_x86_64.whl", hash = "sha256:8159ec0b0cb7608175eb150de94c19e34f4d47ac655f5ca9baf45df6b688ffd3", size = 169263, upload-time = "2026-07-28T06:04:59.161Z" },
    { url = "https://files.pythonhosted.org/packages/9e/d4/354e1725e35a73b2af4fa70a3e024c7a5d1bf1802dfb862dcb668aae0253/wrapt-2.3.0-cp313-cp313-win32.whl", hash = "sha256:10461884b3014fbfc8eb7d09a93c5f246363e6711d9d881f95eb8c27fdef049f", size = 78241, upload-time = "2026-07-28T06:05:00.507Z" },
    { url = "https://files.pythonhosted.org/packages/6c/7e/34c87fa2174848dfee820322aaa318bab08913998ccecc8d2f57b4ad4639/wrapt-2.3.0-cp313-cp313-win_amd64.whl", hash = "sha256:ac870cc97b73bb00ac353329e9559a4bebc47c4c86792ed9b23b58c15b6ad838", size = 81113, upload-time = "2026-07-28T06:05:01.839Z" },
    { url = "https://files.pythonhosted.org/packages/11/86/fcc9a530579e008c9478bb565a6cdfbfd33536660f069c8b91a6607c5050/wrapt-2.3.0-cp313-cp313-win_arm64.whl", hash = "sha256:a65e8db2b4e90c2e7ade931086351c98ef420bf7a94ee08c95ac8a3cbbc43579", size = 80182, upload-time = "2026-07-28T06:05:03.152Z" },
    { url = "https://files.pythonhosted.org/packages/96/50/3864848b95b28ef73e17551fc8dccbff2628a834f52cf26a57f9c419fb83/wrapt-2.3.0-cp313-cp313t-macosx_10_13_x86_64.whl", hash = "sha256:fd1f2f557dd3491fe75905e578f4db967393d40d1a8f468edc4d40ac7f2d5944", size = 83921, upload-time = "2026-07-28T06:05:04.476Z" },
    { url = "https://files.pythonhosted.org/packages/3b/4c/3d1921a60c3e8c71c540ff136e6a47a1fbccf7f671e818394889f7871d9c/wrapt-2.3.0-cp313-cp313t-macosx_11_0_arm64.whl", hash = "sha256:9f5d2aec29dfc76c37e23897dee92766a3fd4f3bff3ae7fc9c6b4bf37d8c1360", size = 84412, upload-time = "2026-07-28T06:05:05.921Z" },
    { url = "https://files.pythonhosted.org/packages/fa/1a/4a796ff7adb26ada6d4b758c94d47a38320b085e7099afc088efbbcdb006/wrapt-2.3.0-cp313-cp313t-manylinux1_x86_64.manylinux_2_28_x86_64.manylinux_2_5_x86_64.whl", hash = "sha256:646d20d413ffcd1b0a2f700076e2d0252d872dcb7754860a73e45a59ea883614", size = 207168, upload-time = "2026-07-28T06:05:07.256Z" },
    { url = "https://files.pythonhosted.org/packages/1d/3e/d7777776806c579b761bac2f91721dda9f04c7a1b380213c5935cc750ae6/wrapt-2.3.0-cp313-cp313t-manylinux2014_aarch64.manylinux_2_17_aarch64.manylinux_2_28_aarch64.whl", hash = "sha256:379f670f45b7bb8993edd9f6fc36c6cc65edb81cffa0b504be34acb0303fff0a", size = 214351, upload-time = "2026-07-28T06:05:08.945Z" },
    { url = "https://files.pythonhosted.org/packages/63/27/2d64d394df7bf181955b3bb562bf33c4492fb4be113f53071106d43ad8b5/wrapt-2.3.0-cp313-cp313t-manylinux_2_31_riscv64.manylinux_2_39_riscv64.whl", hash = "sha256:6208f302f110295d64b22a7ac96500c791bf492dce4366e622e4912b077c9687", size = 199020, upload-time = "2026-07-28T06:05:10.418Z" },
    { url = "https://files.pythonhosted.org/packages/3e/3d/fb31d3db7d9834d265fb1a27a2adf0ddf51557c67458c97b22439ad6ae3d/wrapt-2.3.0-cp313-cp313t-musllinux_1_2_aarch64.whl", hash = "sha256:ed635a9ca4f3a5a2b900c10c69e823373bc00ebc114b459383596d3487da3570", size = 209969, upload-time = "2026-07-28T06:05:11.983Z" },
    { url = "https://files.pythonhosted.org/packages/1f/d1/8724b5da582e62070dc9bf4d8bf1972f317297eefd7ba1f2b5c6393ccf6c/wrapt-2.3.0-cp313-cp313t-musllinux_1_2_riscv64.whl", hash = "sha256:e3b9eaa742ae7a0aaaaad4ca4b69469d757af2d6e6663ef1dadc47adec0aeb41", size = 196324, upload-time = "2026-07-28T06:05:13.557Z" },
    { url = "https://files.pythonhosted.org/packages/0d/5c/3d9ef411149543016ee6bcf3af707f787cebd946527452b94bf122e9b7b4/wrapt-2.3.0-cp313-cp313t-musllinux_1_2_x86_64.whl", hash = "sha256:d0f7284f88f4833705132d06d3b425a43095c2cbd07c58166aac3ab646ba12a4", size = 202610, upload-time = "2026-07-28T06:05:15.048Z" },
    { url = "https://files.pythonhosted.org/packages/13/9b/4fc042ceb757866dd4a5fc057b3b736f2b360d3703ce9f830d83dc9226e0/wrapt-2.3.0-cp313-cp313t-win32.whl", hash = "sha256:7ebb274aba688b043429eb1500ff8a76ce0cb8ac0812ca3e301f06247b8722b3", size = 79178, upload-time = "2026-07-28T06:05:16.469Z" },
    { url = "https://files.pythonhosted.org/packages/6b/ff/b94878f8eed809ca042685276bcea9f24e8c2ca7c9653bb80bbb920a68a5/wrapt-2.3.0-cp313-cp313t-win_amd64.whl", hash = "sha256:c4bded758ad6f03b965830944a2f0bc5b2eb3767fe5a7310134315d1a6610e98", size = 82634, upload-time = "2026-07-28T06:05:18.026Z" },
    { url = "https://files.pythonhosted.org/packages/80/fb/663e1de5332a71685a729754312d327d4cada767c36e1c5a2db4c8de49e6/wrapt-2.3.0-cp313-cp313t-win_arm64.whl", hash = "sha256:d2cc64539da63e39ffb9c7ede849b6e8ddaaf7b3876b5cfb04efd85a5f3f4eb6", size = 81387, upload-time = "2026-07-28T06:05:19.417Z" },
    { url = "https://files.pythonhosted.org/packages/58/10/b073beaea89bc0d3670a75ff51139430a54b6af7ba7796507730634536dd/wrapt-2.3.0-cp314-cp314-macosx_10_15_x86_64.whl", hash = "sha256:ea52a0d0f08c584943d5764be0e84efa912c8da23c23e1e285ff2f5641c18fcc", size = 81978, upload-time = "2026-07-28T06:05:21.133Z" },
    { url = "https://files.pythonhosted.org/packages/b3/31/0916d9cebf848ed3f1a0c1888faee421747df77331e4db2bc527a9a85988/wrapt-2.3.0-cp314-cp314-macosx_11_0_arm64.whl", hash = "sha256:fd85b0aa88efdb189d6ae2f35f4526943a8f091c38599c9c31478241c819e6a1", size = 82518, upload-time = "2026-07-28T06:05:22.562Z" },
    { url = "https://files.pythonhosted.org/packages/f5/73/31c1bf0f3384062751c2094dadb314916d70aa9b6bfd26d994b4a7b393fa/wrapt-2.3.0-cp314-cp314-manylinux1_x86_64.manylinux_2_28_x86_64.manylinux_2_5_x86_64.whl", hash = "sha256:141ed6211286a9660d8d6702de598b43f0934b4f0eda16393f100a80f501d945", size = 170187, upload-time = "2026-07-28T06:05:23.904Z" },
    { url = "https://files.pythonhosted.org/packages/ed/25/fce087d54b79b8905f3c3c9dd5f454bbd8d8acb80b960c4a6aee5b4659b3/wrapt-2.3.0-cp314-cp314-manylinux2014_aarch64.manylinux_2_17_aarch64.manylinux_2_28_aarch64.whl", hash = "sha256:2e49885a62ec4ee854d1b9e6371fda6afd219917225752abf729a3f36d4df9a5", size = 169288, upload-time = "2026-07-28T06:05:25.378Z" },
    { url = "https://files.pythonhosted.org/packages/c7/30/0d09e6dddc6b7a7230ac77f50254b5980ab4fcd22976f72f8cc8a0404458/wrapt-2.3.0-cp314-cp314-manylinux_2_31_riscv64.manylinux_2_39_riscv64.whl", hash = "sha256:1d6159c9b2fefec02314e1332dbbbfaf960e369dfd26bcf7f8b258b5732065b3", size = 160932, upload-time = "2026-07-28T06:05:27.022Z" },
    { url = "https://files.pythonhosted.org/packages/2c/ca/0913af0d2ec0c43865d32d615f518fea66c13c5c930e489e9b0de248e9a8/wrapt-2.3.0-cp314-cp314-musllinux_1_2_aarch64.whl", hash = "sha256:24da48596326ef8e448cfa837b454f638713d3531262375f00e5a9681682fc07", size = 169017, upload-time = "2026-07-28T06:05:28.501Z" },
    { url = "https://files.pythonhosted.org/packages/c3/f2/3d1e47ea81b822210f5df1bf942fd90780a75c055243d569b664529dea88/wrapt-2.3.0-cp314-cp314-musllinux_1_2_riscv64.whl", hash = "sha256:cd3a2edf0427013736b8127955cec62608c56e53ea47e82812ea32059cda407f", size = 159065, upload-time = "2026-07-28T06:05:30.01Z" },
    { url = "https://files.pythonhosted.org/packages/43/a5/ef2066ced8e5fca204e2b361e9708e36555b40949c583d997ea3b590817d/wrapt-2.3.0-cp314-cp314-musllinux_1_2_x86_64.whl", hash = "sha256:4fa0df3bff4e7ce45759f33fd39335fe2f60477bb9ecf7b8aa41e7d07ee36a23", size = 168821, upload-time = "2026-07-28T06:05:31.649Z" },
    { url = "https://files.pythonhosted.org/packages/d5/e1/016104650d4e572fa91506eb396b3dd8efbccc9284fdc1c9479c3d21db28/wrapt-2.3.0-cp314-cp314-win32.whl", hash = "sha256:2935d5454b3f179a29b12cf390ee47246740ba2c3a7545b1b46ba31a5f2a4a0b", size = 78700, upload-time = "2026-07-28T06:05:33.391Z" },
    { url = "https://files.pythonhosted.org/packages/3d/97/6fdc20a9f2ca304748b3f0819cbf377d55260562777bf0b615431bc3c181/wrapt-2.3.0-cp314-cp314-win_amd64.whl", hash = "sha256:cc2cea812e5cb179a796b766747e7d3b21088760d8deb95676d482b8c8e6fa7d", size = 81422, upload-time = "2026-07-28T06:05:34.774Z" },
    { url = "https://files.pythonhosted.org/packages/5e/a4/9cbd53bf05746bea2c392af39cb052427a8ec95cbd494d930733d8f44681/wrapt-2.3.0-cp314-cp314-win_arm64.whl", hash = "sha256:22cc5c0a717bd4da87018ae0bffd4c19c6fb679d3ff357216ba566ab26c76cab", size = 80639, upload-time = "2026-07-28T06:05:36.228Z" },
    { url = "https://files.pythonhosted.org/packages/43/bb/6c5e4a0f66ea0d2b2dd267e8dd05a0014eea56840b3c8595d40b0a5d1f91/wrapt-2.3.0-cp314-cp314t-macosx_10_15_x86_64.whl", hash = "sha256:a6b5984cd65dd639546f0eb4b8eacf1c31cb2fe9fb5c27bffe240987cdb2cf84", size = 84030, upload-time = "2026-07-28T06:05:37.714Z" },
    { url = "https://files.pythonhosted.org/packages/6a/eb/a1aedf03283bc9cbf8a1783995ddc54e3c5a86878f19002d2c428494f4c5/wrapt-2.3.0-cp314-cp314t-macosx_11_0_arm64.whl", hash = "sha256:c88abcf53daef80e01a75c7530e727fa6e2c1888fe83e3dcdba4c96216a1f5c7", size = 84419, upload-time = "2026-07-28T06:05:39.131Z" },
    { url = "https://files.pythonhosted.org/packages/63/61/50d511c0dc5105563849e86daa3e16ac7feef699f79fb05af45ea70107d5/wrapt-2.3.0-cp314-cp314t-manylinux1_x86_64.manylinux_2_28_x86_64.manylinux_2_5_x86_64.whl", hash = "sha256:85de890ff968196e92dd1ae73a9fb8970495e7650a457b1c9ef0ac3dd550bce2", size = 207171, upload-time = "2026-07-28T06:05:40.69Z" },
    { url = "https://files.pythonhosted.org/packages/3f/59/9b538cf7795217e810699d16bc88b96a830d9b5c403eb2ec2db6b5f2ae81/wrapt-2.3.0-cp314-cp314t-manylinux2014_aarch64.manylinux_2_17_aarch64.manylinux_2_28_aarch64.whl", hash = "sha256:50f416b74d092bb9f41b424e90dd457f365f7ba4b11de62a23679769a21bd85c", size = 214329, upload-time = "2026-07-28T06:05:42.287Z" },
    { url = "https://files.pythonhosted.org/packages/b3/28/9935d62b1499e5c8b3d191e99ba4eb31ca237a0b699142011a837e9dc7ea/wrapt-2.3.0-cp314-cp314t-manylinux_2_31_riscv64.manylinux_2_39_riscv64.whl", hash = "sha256:39febbee6d77301d31da6996b152ce52452da7c7ef72aba10c2fa976dff9c295", size = 199079, upload-time = "2026-07-28T06:05:43.958Z" },
    { url = "https://files.pythonhosted.org/packages/2b/01/4446b80fa2ffa47a3449b250d004ba1c1937f07f64a179608fec735df866/wrapt-2.3.0-cp314-cp314t-musllinux_1_2_aarch64.whl", hash = "sha256:93513bec052c6cd987f9f580c3df068c8bc4ebae6543736be3ca7ec5959cafcd", size = 209992, upload-time = "2026-07-28T06:05:45.677Z" },
    { url = "https://files.pythonhosted.org/packages/d4/07/56f26c9f9979586a021e8148747004aba4498f49458c90b0502969b904e1/wrapt-2.3.0-cp314-cp314t-musllinux_1_2_riscv64.whl", hash = "sha256:729126e667da34d251b8ebf8a45ef0c5ddadc21542b3d6e1abf4259ece6508df", size = 196334, upload-time = "2026-07-28T06:05:47.608Z" },
    { url = "https://files.pythonhosted.org/packages/8b/41/6d7bcc895b0f28b2250e10908f060687b9165429dcd7f22ddb3d4c031b74/wrapt-2.3.0-cp314-cp314t-musllinux_1_2_x86_64.whl", hash = "sha256:626b69db2021aa01671ec7bbc9740e558522bd44c18cf2ce69bf3d666a014109", size = 202644, upload-time = "2026-07-28T06:05:49.183Z" },
    { url = "https://files.pythonhosted.org/packages/cd/25/7860927edba06b758b8852a6f02e832be715563c67a6795d94350bc81099/wrapt-2.3.0-cp314-cp314t-win32.whl", hash = "sha256:629d73378082c00a8173031f9fb30a3ac6abbc894a5bfdfae71fabc60642d501", size = 79685, upload-time = "2026-07-28T06:05:50.976Z" },
    { url = "https://files.pythonhosted.org/packages/c4/0f/270bafe92fde3b069a39bc01e39ee79340895b335640df861d43d2a51885/wrapt-2.3.0-cp314-cp314t-win_amd64.whl", hash = "sha256:42869085687f0aefd57c0f636c3f9354f8ffb321a8ba9cb52d19beb796e561c5", size = 83104, upload-time = "2026-07-28T06:05:52.405Z" },
    { url = "https://files.pythonhosted.org/packages/55/b3/af176d79a8515a8a720eccdad9a96f6e31a30abf2865430c8c42adf2fd13/wrapt-2.3.0-cp314-cp314t-win_arm64.whl", hash = "sha256:b1e5aa486e269b00ed35e64771c7d0ab8096cfd2643405ca8cd60ebedc099a51", size = 81774, upload-time = "2026-07-28T06:05:53.902Z" },
    { url = "https://files.pythonhosted.org/packages/00/39/3daf9f47be208606586de4568ba6713db53ebc8fd7a575aea1fe57983b69/wrapt-2.3.0-py3-none-any.whl", hash = "sha256:d8c7ed08477429752b8c44991f40ad7838b18332a160698740a6bfbc10d998a2", size = 61866, upload-time = "2026-07-28T06:06:12.9Z" },
]
